
Microsoft Visual Studio Solution File, Format Version 12.00
# Visual Studio Version 16
VisualStudioVersion = 16.0.31129.286
MinimumVisualStudioVersion = 10.0.40219.1
Project("{FAE04EC0-301F-11D3-BF4B-00C04F79EFBC}") = "OOP_Concepts", "OOP_Concepts\OOP_Concepts.csproj", "{77384949-0910-4536-9100-78791AEFF587}"
EndProject
Global
	GlobalSection(SolutionConfigurationPlatforms) = preSolution
		Debug|Any CPU = Debug|Any CPU
		Release|Any CPU = Release|Any CPU
	EndGlobalSection
	GlobalSection(ProjectConfigurationPlatforms) = postSolution
		{77384949-0910-4536-9100-78791AEFF587}.Debug|Any CPU.ActiveCfg = Debug|Any CPU
		{77384949-0910-4536-9100-78791AEFF587}.Debug|Any CPU.Build.0 = Debug|Any CPU
		{77384949-0910-4536-9100-78791AEFF587}.Release|Any CPU.ActiveCfg = Release|Any CPU
		{77384949-0910-4536-9100-78791AEFF587}.Release|Any CPU.Build.0 = Release|Any CPU
	EndGlobalSection
	GlobalSection(SolutionProperties) = preSolution
		HideSolutionNode = FALSE
	EndGlobalSection
	GlobalSection(ExtensibilityGlobals) = postSolution
		SolutionGuid = {ACAED62F-7030-47F0-A9E6-C411627587C2}
	EndGlobalSection
EndGlobal
